# This file is automatically @generated by Cargo.
# It is not intended for manual editing.
version = 3

[[package]]
name = "bitflags"
version = "2.6.0"
source = "registry+https://github.com/rust-lang/crates.io-index"
checksum = "b048fb63fd8b5923fc5aa7b340d8e156aec7ec02f0c78fa8a6ddc2613f6f71de"

[[package]]
name = "cc"
version = "1.1.5"
source = "registry+https://github.com/rust-lang/crates.io-index"
checksum = "324c74f2155653c90b04f25b2a47a8a631360cb908f92a772695f430c7e31052"

[[package]]
name = "demoos"
version = "0.1.0"
dependencies = [
 "bitflags",
 "cc",
 "log",
 "smccc",
]

[[package]]
name = "log"
version = "0.4.22"
source = "registry+https://github.com/rust-lang/crates.io-index"
checksum = "a7a70ba024b9dc04c27ea2f0c0548feb474ec5c54bba33a7f72f873a39d07b24"

[[package]]
name = "smccc"
version = "0.1.1"
source = "registry+https://github.com/rust-lang/crates.io-index"
checksum = "617d17f088ec733e5a6b86da6ce4cce1414e6e856d6061c16dda51cceae6f68c"
